
Microsoft Visual Studio Solution File, Format Version 12.00
# Visual Studio Version 17
VisualStudioVersion = 17.5.33414.496
MinimumVisualStudioVersion = 10.0.40219.1
Project("{FAE04EC0-301F-11D3-BF4B-00C04F79EFBC}") = "CatStore.WebMVC", "CatStore.WebMVC\CatStore.WebMVC.csproj", "{577C413D-161A-44E6-A068-F6B42ABAE37B}"
EndProject
Global
	GlobalSection(SolutionConfigurationPlatforms) = preSolution
		Debug|Any CPU = Debug|Any CPU
		Release|Any CPU = Release|Any CPU
	EndGlobalSection
	GlobalSection(ProjectConfigurationPlatforms) = postSolution
		{577C413D-161A-44E6-A068-F6B42ABAE37B}.Debug|Any CPU.ActiveCfg = Debug|Any CPU
		{577C413D-161A-44E6-A068-F6B42ABAE37B}.Debug|Any CPU.Build.0 = Debug|Any CPU
		{577C413D-161A-44E6-A068-F6B42ABAE37B}.Release|Any CPU.ActiveCfg = Release|Any CPU
		{577C413D-161A-44E6-A068-F6B42ABAE37B}.Release|Any CPU.Build.0 = Release|Any CPU
	EndGlobalSection
	GlobalSection(SolutionProperties) = preSolution
		HideSolutionNode = FALSE
	EndGlobalSection
	GlobalSection(ExtensibilityGlobals) = postSolution
		SolutionGuid = {60B3684A-D433-4C62-8B7C-F51457B81D2A}
	EndGlobalSection
EndGlobal
